
Microsoft Visual Studio Solution File, Format Version 12.00
# Visual Studio 2012
Project("{FAE04EC0-301F-11D3-BF4B-00C04F79EFBC}") = "NCore", "NCore\NCore.csproj", "{9EFF9ED2-E2E0-46ED-9485-C5DBE372C1E9}"
EndProject
Project("{2150E333-8FDC-42A3-9474-1A3956D46DE8}") = "01-Presentation", "01-Presentation", "{520F3732-ED77-4E4F-9C54-C59B402E1B6C}"
EndProject
Project("{2150E333-8FDC-42A3-9474-1A3956D46DE8}") = "02-Domain", "02-Domain", "{1C425066-A895-4F5C-B655-6A6579A28E3D}"
EndProject
Project("{2150E333-8FDC-42A3-9474-1A3956D46DE8}") = "03-Data", "03-Data", "{C5EC0D29-224D-418F-B707-5AAA26295C24}"
EndProject
Project("{2150E333-8FDC-42A3-9474-1A3956D46DE8}") = "04-Infrastructure", "04-Infrastructure", "{CC798718-C339-4223-86B6-EC72F4230CED}"
EndProject
Project("{FAE04EC0-301F-11D3-BF4B-00C04F79EFBC}") = "NCore.Domain", "NCore.Domain\NCore.Domain.csproj", "{33D49369-F258-44F0-BDDE-26ADF43ADE29}"
EndProject
Project("{FAE04EC0-301F-11D3-BF4B-00C04F79EFBC}") = "NCore.Data", "NCore.Data\NCore.Data.csproj", "{2F636468-B734-4051-A519-7B77693172D6}"
EndProject
Project("{FAE04EC0-301F-11D3-BF4B-00C04F79EFBC}") = "NCore.CrossCutting", "NCore.CrossCutting\NCore.CrossCutting.csproj", "{19CB44D3-83EE-4C0E-8AC8-DFEBD5C7ECE4}"
EndProject
Global
	GlobalSection(SolutionConfigurationPlatforms) = preSolution
		Debug|Any CPU = Debug|Any CPU
		Release|Any CPU = Release|Any CPU
	EndGlobalSection
	GlobalSection(ProjectConfigurationPlatforms) = postSolution
		{9EFF9ED2-E2E0-46ED-9485-C5DBE372C1E9}.Debug|Any CPU.ActiveCfg = Debug|Any CPU
		{9EFF9ED2-E2E0-46ED-9485-C5DBE372C1E9}.Debug|Any CPU.Build.0 = Debug|Any CPU
		{9EFF9ED2-E2E0-46ED-9485-C5DBE372C1E9}.Release|Any CPU.ActiveCfg = Release|Any CPU
		{9EFF9ED2-E2E0-46ED-9485-C5DBE372C1E9}.Release|Any CPU.Build.0 = Release|Any CPU
		{33D49369-F258-44F0-BDDE-26ADF43ADE29}.Debug|Any CPU.ActiveCfg = Debug|Any CPU
		{33D49369-F258-44F0-BDDE-26ADF43ADE29}.Debug|Any CPU.Build.0 = Debug|Any CPU
		{33D49369-F258-44F0-BDDE-26ADF43ADE29}.Release|Any CPU.ActiveCfg = Release|Any CPU
		{33D49369-F258-44F0-BDDE-26ADF43ADE29}.Release|Any CPU.Build.0 = Release|Any CPU
		{2F636468-B734-4051-A519-7B77693172D6}.Debug|Any CPU.ActiveCfg = Debug|Any CPU
		{2F636468-B734-4051-A519-7B77693172D6}.Debug|Any CPU.Build.0 = Debug|Any CPU
		{2F636468-B734-4051-A519-7B77693172D6}.Release|Any CPU.ActiveCfg = Release|Any CPU
		{2F636468-B734-4051-A519-7B77693172D6}.Release|Any CPU.Build.0 = Release|Any CPU
		{19CB44D3-83EE-4C0E-8AC8-DFEBD5C7ECE4}.Debug|Any CPU.ActiveCfg = Debug|Any CPU
		{19CB44D3-83EE-4C0E-8AC8-DFEBD5C7ECE4}.Debug|Any CPU.Build.0 = Debug|Any CPU
		{19CB44D3-83EE-4C0E-8AC8-DFEBD5C7ECE4}.Release|Any CPU.ActiveCfg = Release|Any CPU
		{19CB44D3-83EE-4C0E-8AC8-DFEBD5C7ECE4}.Release|Any CPU.Build.0 = Release|Any CPU
	EndGlobalSection
	GlobalSection(NestedProjects) = preSolution
		{9EFF9ED2-E2E0-46ED-9485-C5DBE372C1E9} = {520F3732-ED77-4E4F-9C54-C59B402E1B6C}
		{33D49369-F258-44F0-BDDE-26ADF43ADE29} = {1C425066-A895-4F5C-B655-6A6579A28E3D}
		{2F636468-B734-4051-A519-7B77693172D6} = {C5EC0D29-224D-418F-B707-5AAA26295C24}
		{19CB44D3-83EE-4C0E-8AC8-DFEBD5C7ECE4} = {CC798718-C339-4223-86B6-EC72F4230CED}
	EndGlobalSection
EndGlobal
